
Microsoft Visual Studio Solution File, Format Version 12.00
# Visual Studio Version 17
VisualStudioVersion = 17.9.34728.123
MinimumVisualStudioVersion = 10.0.40219.1
Project("{FAE04EC0-301F-11D3-BF4B-00C04F79EFBC}") = "Ex0410", "Ex0410.csproj", "{A21AC402-3820-40BB-BE2A-A1F9BAF72AA4}"
EndProject
Global
	GlobalSection(SolutionConfigurationPlatforms) = preSolution
		Debug|Any CPU = Debug|Any CPU
		Release|Any CPU = Release|Any CPU
	EndGlobalSection
	GlobalSection(ProjectConfigurationPlatforms) = postSolution
		{A21AC402-3820-40BB-BE2A-A1F9BAF72AA4}.Debug|Any CPU.ActiveCfg = Debug|Any CPU
		{A21AC402-3820-40BB-BE2A-A1F9BAF72AA4}.Debug|Any CPU.Build.0 = Debug|Any CPU
		{A21AC402-3820-40BB-BE2A-A1F9BAF72AA4}.Release|Any CPU.ActiveCfg = Release|Any CPU
		{A21AC402-3820-40BB-BE2A-A1F9BAF72AA4}.Release|Any CPU.Build.0 = Release|Any CPU
	EndGlobalSection
	GlobalSection(SolutionProperties) = preSolution
		HideSolutionNode = FALSE
	EndGlobalSection
	GlobalSection(ExtensibilityGlobals) = postSolution
		SolutionGuid = {E61FA48F-25AE-46F5-AB98-E750865053F8}
	EndGlobalSection
EndGlobal
