
Microsoft Visual Studio Solution File, Format Version 12.00
# Visual Studio Version 17
VisualStudioVersion = 17.9.34728.123
MinimumVisualStudioVersion = 10.0.40219.1
Project("{FAE04EC0-301F-11D3-BF4B-00C04F79EFBC}") = "Ex0204", "Ex0204.csproj", "{C6DA98F3-AA49-4747-AE69-EFD808AC5871}"
EndProject
Global
	GlobalSection(SolutionConfigurationPlatforms) = preSolution
		Debug|Any CPU = Debug|Any CPU
		Release|Any CPU = Release|Any CPU
	EndGlobalSection
	GlobalSection(ProjectConfigurationPlatforms) = postSolution
		{C6DA98F3-AA49-4747-AE69-EFD808AC5871}.Debug|Any CPU.ActiveCfg = Debug|Any CPU
		{C6DA98F3-AA49-4747-AE69-EFD808AC5871}.Debug|Any CPU.Build.0 = Debug|Any CPU
		{C6DA98F3-AA49-4747-AE69-EFD808AC5871}.Release|Any CPU.ActiveCfg = Release|Any CPU
		{C6DA98F3-AA49-4747-AE69-EFD808AC5871}.Release|Any CPU.Build.0 = Release|Any CPU
	EndGlobalSection
	GlobalSection(SolutionProperties) = preSolution
		HideSolutionNode = FALSE
	EndGlobalSection
	GlobalSection(ExtensibilityGlobals) = postSolution
		SolutionGuid = {5FAA1D99-FAEA-420D-83FC-451A8BEBA5CB}
	EndGlobalSection
EndGlobal
