
Microsoft Visual Studio Solution File, Format Version 12.00
# Visual Studio Version 17
VisualStudioVersion = 17.9.34728.123
MinimumVisualStudioVersion = 10.0.40219.1
Project("{FAE04EC0-301F-11D3-BF4B-00C04F79EFBC}") = "Ex0412", "Ex0412.csproj", "{4BB65C3F-2C03-4B80-9C51-91312AD7893A}"
EndProject
Global
	GlobalSection(SolutionConfigurationPlatforms) = preSolution
		Debug|Any CPU = Debug|Any CPU
		Release|Any CPU = Release|Any CPU
	EndGlobalSection
	GlobalSection(ProjectConfigurationPlatforms) = postSolution
		{4BB65C3F-2C03-4B80-9C51-91312AD7893A}.Debug|Any CPU.ActiveCfg = Debug|Any CPU
		{4BB65C3F-2C03-4B80-9C51-91312AD7893A}.Debug|Any CPU.Build.0 = Debug|Any CPU
		{4BB65C3F-2C03-4B80-9C51-91312AD7893A}.Release|Any CPU.ActiveCfg = Release|Any CPU
		{4BB65C3F-2C03-4B80-9C51-91312AD7893A}.Release|Any CPU.Build.0 = Release|Any CPU
	EndGlobalSection
	GlobalSection(SolutionProperties) = preSolution
		HideSolutionNode = FALSE
	EndGlobalSection
	GlobalSection(ExtensibilityGlobals) = postSolution
		SolutionGuid = {41E6AE35-6F09-4307-BE66-F45C6D60A122}
	EndGlobalSection
EndGlobal
